// !$*UTF8*$!
{
	archiveVersion = 1;
	classes = {
	};
	objectVersion = 46;
	objects = {

/* Begin PBXBuildFile section */
		CD15121413F5ECBF001AEA49 /* Cocoa.framework in Frameworks */ = {isa = PBXBuildFile; fileRef = CD15121313F5ECBF001AEA49 /* Cocoa.framework */; };
		CD15121E13F5ECBF001AEA49 /* InfoPlist.strings in Resources */ = {isa = PBXBuildFile; fileRef = CD15121C13F5ECBF001AEA49 /* InfoPlist.strings */; };
		CD15122013F5ECBF001AEA49 /* main.m in Sources */ = {isa = PBXBuildFile; fileRef = CD15121F13F5ECBF001AEA49 /* main.m */; };
		CD15122413F5ECBF001AEA49 /* Credits.rtf in Resources */ = {isa = PBXBuildFile; fileRef = CD15122213F5ECBF001AEA49 /* Credits.rtf */; };
		CD15122713F5ECBF001AEA49 /* JBAppDelegate.m in Sources */ = {isa = PBXBuildFile; fileRef = CD15122613F5ECBF001AEA49 /* JBAppDelegate.m */; };
		CD15122A13F5ECBF001AEA49 /* MainMenu.xib in Resources */ = {isa = PBXBuildFile; fileRef = CD15122813F5ECBF001AEA49 /* MainMenu.xib */; };
		CD15123513F5ECED001AEA49 /* Editor Icon.icns in Resources */ = {isa = PBXBuildFile; fileRef = CD15123413F5ECED001AEA49 /* Editor Icon.icns */; };
		CD15123813F5ED2F001AEA49 /* JBMainWindowController.m in Sources */ = {isa = PBXBuildFile; fileRef = CD15123713F5ED2F001AEA49 /* JBMainWindowController.m */; };
		CD15123A13F5ED47001AEA49 /* JBMainWindow.xib in Resources */ = {isa = PBXBuildFile; fileRef = CD15123913F5ED47001AEA49 /* JBMainWindow.xib */; };
		CD269B7413F5F85800955EED /* WebKit.framework in Frameworks */ = {isa = PBXBuildFile; fileRef = CD269B7313F5F85800955EED /* WebKit.framework */; };
		CD511B1713F9CEAA000B24E2 /* JBPreferencesWindowController.m in Sources */ = {isa = PBXBuildFile; fileRef = CD511B1613F9CEAA000B24E2 /* JBPreferencesWindowController.m */; };
		CD511B1A13F9CEC3000B24E2 /* JBPreferencesWindow.xib in Resources */ = {isa = PBXBuildFile; fileRef = CD511B1913F9CEC3000B24E2 /* JBPreferencesWindow.xib */; };
		CD8B139F13F5F64000FDD49A /* JBMainArticleViewController.m in Sources */ = {isa = PBXBuildFile; fileRef = CD8B139D13F5F64000FDD49A /* JBMainArticleViewController.m */; };
		CD8B13A013F5F64000FDD49A /* JBMainArticleViewController.xib in Resources */ = {isa = PBXBuildFile; fileRef = CD8B139E13F5F64000FDD49A /* JBMainArticleViewController.xib */; };
		CD9A018113F5EFC100D59C00 /* JBArticleTableViewController.m in Sources */ = {isa = PBXBuildFile; fileRef = CD9A017F13F5EFC100D59C00 /* JBArticleTableViewController.m */; };
		CD9A018213F5EFC100D59C00 /* JBArticleTableViewController.xib in Resources */ = {isa = PBXBuildFile; fileRef = CD9A018013F5EFC100D59C00 /* JBArticleTableViewController.xib */; };
		CDA8D16313F7638B0007C2BF /* JBArticle.m in Sources */ = {isa = PBXBuildFile; fileRef = CDA8D16213F7638B0007C2BF /* JBArticle.m */; };
		CDAE4AFE13F8B9A700369443 /* JBWordCountValueTransformer.m in Sources */ = {isa = PBXBuildFile; fileRef = CDAE4AFD13F8B9A700369443 /* JBWordCountValueTransformer.m */; };
		CDC9F51D13F6EF64001E6017 /* License.text in Resources */ = {isa = PBXBuildFile; fileRef = CDC9F51A13F6EF64001E6017 /* License.text */; };
		CDC9F51E13F6EF64001E6017 /* Markdown Readme.text in Resources */ = {isa = PBXBuildFile; fileRef = CDC9F51B13F6EF64001E6017 /* Markdown Readme.text */; };
		CDC9F51F13F6EF64001E6017 /* Markdown.pl in Resources */ = {isa = PBXBuildFile; fileRef = CDC9F51C13F6EF64001E6017 /* Markdown.pl */; };
		CDC9F52613F6EFC1001E6017 /* NSString+Markdown.m in Sources */ = {isa = PBXBuildFile; fileRef = CDC9F52513F6EFC1001E6017 /* NSString+Markdown.m */; };
		CDE0F0D513F9A01A004B2E18 /* JBTableCellView.m in Sources */ = {isa = PBXBuildFile; fileRef = CDE0F0D413F9A01A004B2E18 /* JBTableCellView.m */; };
		CDE0F0D913F9A654004B2E18 /* JBDateValueTransformer.m in Sources */ = {isa = PBXBuildFile; fileRef = CDE0F0D813F9A654004B2E18 /* JBDateValueTransformer.m */; };
		CDFDFB7013F5F2870021EA6A /* JBSplitView.m in Sources */ = {isa = PBXBuildFile; fileRef = CDFDFB6F13F5F2870021EA6A /* JBSplitView.m */; };
		CDFDFB7413F5F2AD0021EA6A /* NSSplitView+Utilities.m in Sources */ = {isa = PBXBuildFile; fileRef = CDFDFB7313F5F2AD0021EA6A /* NSSplitView+Utilities.m */; };
/* End PBXBuildFile section */

/* Begin PBXFileReference section */
		CD15120F13F5ECBF001AEA49 /* Editor2.app */ = {isa = PBXFileReference; explicitFileType = wrapper.application; includeInIndex = 0; path = Editor2.app; sourceTree = BUILT_PRODUCTS_DIR; };
		CD15121313F5ECBF001AEA49 /* Cocoa.framework */ = {isa = PBXFileReference; lastKnownFileType = wrapper.framework; name = Cocoa.framework; path = System/Library/Frameworks/Cocoa.framework; sourceTree = SDKROOT; };
		CD15121613F5ECBF001AEA49 /* AppKit.framework */ = {isa = PBXFileReference; lastKnownFileType = wrapper.framework; name = AppKit.framework; path = System/Library/Frameworks/AppKit.framework; sourceTree = SDKROOT; };
		CD15121713F5ECBF001AEA49 /* CoreData.framework */ = {isa = PBXFileReference; lastKnownFileType = wrapper.framework; name = CoreData.framework; path = System/Library/Frameworks/CoreData.framework; sourceTree = SDKROOT; };
		CD15121813F5ECBF001AEA49 /* Foundation.framework */ = {isa = PBXFileReference; lastKnownFileType = wrapper.framework; name = Foundation.framework; path = System/Library/Frameworks/Foundation.framework; sourceTree = SDKROOT; };
		CD15121B13F5ECBF001AEA49 /* Editor2-Info.plist */ = {isa = PBXFileReference; lastKnownFileType = text.plist.xml; path = "Editor2-Info.plist"; sourceTree = "<group>"; };
		CD15121D13F5ECBF001AEA49 /* en */ = {isa = PBXFileReference; lastKnownFileType = text.plist.strings; name = en; path = en.lproj/InfoPlist.strings; sourceTree = "<group>"; };
		CD15121F13F5ECBF001AEA49 /* main.m */ = {isa = PBXFileReference; lastKnownFileType = sourcecode.c.objc; path = main.m; sourceTree = "<group>"; };
		CD15122113F5ECBF001AEA49 /* Editor2-Prefix.pch */ = {isa = PBXFileReference; lastKnownFileType = sourcecode.c.h; path = "Editor2-Prefix.pch"; sourceTree = "<group>"; };
		CD15122313F5ECBF001AEA49 /* en */ = {isa = PBXFileReference; lastKnownFileType = text.rtf; name = en; path = en.lproj/Credits.rtf; sourceTree = "<group>"; };
		CD15122513F5ECBF001AEA49 /* JBAppDelegate.h */ = {isa = PBXFileReference; lastKnownFileType = sourcecode.c.h; path = JBAppDelegate.h; sourceTree = "<group>"; };
		CD15122613F5ECBF001AEA49 /* JBAppDelegate.m */ = {isa = PBXFileReference; lastKnownFileType = sourcecode.c.objc; path = JBAppDelegate.m; sourceTree = "<group>"; };
		CD15122913F5ECBF001AEA49 /* en */ = {isa = PBXFileReference; lastKnownFileType = file.xib; name = en; path = en.lproj/MainMenu.xib; sourceTree = "<group>"; };
		CD15123413F5ECED001AEA49 /* Editor Icon.icns */ = {isa = PBXFileReference; lastKnownFileType = image.icns; name = "Editor Icon.icns"; path = "../Editor Icon.icns"; sourceTree = "<group>"; };
		CD15123613F5ED2F001AEA49 /* JBMainWindowController.h */ = {isa = PBXFileReference; fileEncoding = 4; lastKnownFileType = sourcecode.c.h; path = JBMainWindowController.h; sourceTree = "<group>"; };
		CD15123713F5ED2F001AEA49 /* JBMainWindowController.m */ = {isa = PBXFileReference; fileEncoding = 4; lastKnownFileType = sourcecode.c.objc; path = JBMainWindowController.m; sourceTree = "<group>"; };
		CD15123913F5ED47001AEA49 /* JBMainWindow.xib */ = {isa = PBXFileReference; fileEncoding = 4; lastKnownFileType = file.xib; path = JBMainWindow.xib; sourceTree = "<group>"; };
		CD269B7313F5F85800955EED /* WebKit.framework */ = {isa = PBXFileReference; lastKnownFileType = wrapper.framework; name = WebKit.framework; path = System/Library/Frameworks/WebKit.framework; sourceTree = SDKROOT; };
		CD511B1513F9CEAA000B24E2 /* JBPreferencesWindowController.h */ = {isa = PBXFileReference; fileEncoding = 4; lastKnownFileType = sourcecode.c.h; path = JBPreferencesWindowController.h; sourceTree = "<group>"; };
		CD511B1613F9CEAA000B24E2 /* JBPreferencesWindowController.m */ = {isa = PBXFileReference; fileEncoding = 4; lastKnownFileType = sourcecode.c.objc; path = JBPreferencesWindowController.m; sourceTree = "<group>"; };
		CD511B1913F9CEC3000B24E2 /* JBPreferencesWindow.xib */ = {isa = PBXFileReference; fileEncoding = 4; lastKnownFileType = file.xib; path = JBPreferencesWindow.xib; sourceTree = "<group>"; };
		CD8B139C13F5F64000FDD49A /* JBMainArticleViewController.h */ = {isa = PBXFileReference; fileEncoding = 4; lastKnownFileType = sourcecode.c.h; path = JBMainArticleViewController.h; sourceTree = "<group>"; };
		CD8B139D13F5F64000FDD49A /* JBMainArticleViewController.m */ = {isa = PBXFileReference; fileEncoding = 4; lastKnownFileType = sourcecode.c.objc; path = JBMainArticleViewController.m; sourceTree = "<group>"; };
		CD8B139E13F5F64000FDD49A /* JBMainArticleViewController.xib */ = {isa = PBXFileReference; fileEncoding = 4; lastKnownFileType = file.xib; path = JBMainArticleViewController.xib; sourceTree = "<group>"; };
		CD9A017E13F5EFC100D59C00 /* JBArticleTableViewController.h */ = {isa = PBXFileReference; fileEncoding = 4; lastKnownFileType = sourcecode.c.h; path = JBArticleTableViewController.h; sourceTree = "<group>"; };
		CD9A017F13F5EFC100D59C00 /* JBArticleTableViewController.m */ = {isa = PBXFileReference; fileEncoding = 4; lastKnownFileType = sourcecode.c.objc; path = JBArticleTableViewController.m; sourceTree = "<group>"; };
		CD9A018013F5EFC100D59C00 /* JBArticleTableViewController.xib */ = {isa = PBXFileReference; fileEncoding = 4; lastKnownFileType = file.xib; path = JBArticleTableViewController.xib; sourceTree = "<group>"; };
		CDA8D16113F7638B0007C2BF /* JBArticle.h */ = {isa = PBXFileReference; fileEncoding = 4; lastKnownFileType = sourcecode.c.h; path = JBArticle.h; sourceTree = "<group>"; };
		CDA8D16213F7638B0007C2BF /* JBArticle.m */ = {isa = PBXFileReference; fileEncoding = 4; lastKnownFileType = sourcecode.c.objc; path = JBArticle.m; sourceTree = "<group>"; };
		CDAE4AFC13F8B9A700369443 /* JBWordCountValueTransformer.h */ = {isa = PBXFileReference; fileEncoding = 4; lastKnownFileType = sourcecode.c.h; path = JBWordCountValueTransformer.h; sourceTree = "<group>"; };
		CDAE4AFD13F8B9A700369443 /* JBWordCountValueTransformer.m */ = {isa = PBXFileReference; fileEncoding = 4; lastKnownFileType = sourcecode.c.objc; path = JBWordCountValueTransformer.m; sourceTree = "<group>"; };
		CDC9F51A13F6EF64001E6017 /* License.text */ = {isa = PBXFileReference; fileEncoding = 4; lastKnownFileType = text; path = License.text; sourceTree = "<group>"; };
		CDC9F51B13F6EF64001E6017 /* Markdown Readme.text */ = {isa = PBXFileReference; fileEncoding = 4; lastKnownFileType = text; path = "Markdown Readme.text"; sourceTree = "<group>"; };
		CDC9F51C13F6EF64001E6017 /* Markdown.pl */ = {isa = PBXFileReference; fileEncoding = 4; lastKnownFileType = text.script.perl; path = Markdown.pl; sourceTree = "<group>"; };
		CDC9F52413F6EFC1001E6017 /* NSString+Markdown.h */ = {isa = PBXFileReference; fileEncoding = 4; lastKnownFileType = sourcecode.c.h; name = "NSString+Markdown.h"; path = "../NSString+Markdown.h"; sourceTree = "<group>"; };
		CDC9F52513F6EFC1001E6017 /* NSString+Markdown.m */ = {isa = PBXFileReference; fileEncoding = 4; lastKnownFileType = sourcecode.c.objc; name = "NSString+Markdown.m"; path = "../NSString+Markdown.m"; sourceTree = "<group>"; };
		CDE0F0D313F9A01A004B2E18 /* JBTableCellView.h */ = {isa = PBXFileReference; fileEncoding = 4; lastKnownFileType = sourcecode.c.h; path = JBTableCellView.h; sourceTree = "<group>"; };
		CDE0F0D413F9A01A004B2E18 /* JBTableCellView.m */ = {isa = PBXFileReference; fileEncoding = 4; lastKnownFileType = sourcecode.c.objc; path = JBTableCellView.m; sourceTree = "<group>"; };
		CDE0F0D713F9A654004B2E18 /* JBDateValueTransformer.h */ = {isa = PBXFileReference; fileEncoding = 4; lastKnownFileType = sourcecode.c.h; path = JBDateValueTransformer.h; sourceTree = "<group>"; };
		CDE0F0D813F9A654004B2E18 /* JBDateValueTransformer.m */ = {isa = PBXFileReference; fileEncoding = 4; lastKnownFileType = sourcecode.c.objc; path = JBDateValueTransformer.m; sourceTree = "<group>"; };
		CDFDFB6E13F5F2870021EA6A /* JBSplitView.h */ = {isa = PBXFileReference; fileEncoding = 4; lastKnownFileType = sourcecode.c.h; path = JBSplitView.h; sourceTree = "<group>"; };
		CDFDFB6F13F5F2870021EA6A /* JBSplitView.m */ = {isa = PBXFileReference; fileEncoding = 4; lastKnownFileType = sourcecode.c.objc; path = JBSplitView.m; sourceTree = "<group>"; };
		CDFDFB7213F5F2AD0021EA6A /* NSSplitView+Utilities.h */ = {isa = PBXFileReference; fileEncoding = 4; lastKnownFileType = sourcecode.c.h; path = "NSSplitView+Utilities.h"; sourceTree = "<group>"; };
		CDFDFB7313F5F2AD0021EA6A /* NSSplitView+Utilities.m */ = {isa = PBXFileReference; fileEncoding = 4; lastKnownFileType = sourcecode.c.objc; path = "NSSplitView+Utilities.m"; sourceTree = "<group>"; };
/* End PBXFileReference section */

/* Begin PBXFrameworksBuildPhase section */
		CD15120C13F5ECBF001AEA49 /* Frameworks */ = {
			isa = PBXFrameworksBuildPhase;
			buildActionMask = 2147483647;
			files = (
				CD269B7413F5F85800955EED /* WebKit.framework in Frameworks */,
				CD15121413F5ECBF001AEA49 /* Cocoa.framework in Frameworks */,
			);
			runOnlyForDeploymentPostprocessing = 0;
		};
/* End PBXFrameworksBuildPhase section */

/* Begin PBXGroup section */
		CD15120413F5ECBF001AEA49 = {
			isa = PBXGroup;
			children = (
				CD269B7313F5F85800955EED /* WebKit.framework */,
				CD15121913F5ECBF001AEA49 /* Editor2 */,
				CD15121213F5ECBF001AEA49 /* Frameworks */,
				CD15121013F5ECBF001AEA49 /* Products */,
			);
			sourceTree = "<group>";
		};
		CD15121013F5ECBF001AEA49 /* Products */ = {
			isa = PBXGroup;
			children = (
				CD15120F13F5ECBF001AEA49 /* Editor2.app */,
			);
			name = Products;
			sourceTree = "<group>";
		};
		CD15121213F5ECBF001AEA49 /* Frameworks */ = {
			isa = PBXGroup;
			children = (
				CD15121313F5ECBF001AEA49 /* Cocoa.framework */,
				CD15121513F5ECBF001AEA49 /* Other Frameworks */,
			);
			name = Frameworks;
			sourceTree = "<group>";
		};
		CD15121513F5ECBF001AEA49 /* Other Frameworks */ = {
			isa = PBXGroup;
			children = (
				CD15121613F5ECBF001AEA49 /* AppKit.framework */,
				CD15121713F5ECBF001AEA49 /* CoreData.framework */,
				CD15121813F5ECBF001AEA49 /* Foundation.framework */,
			);
			name = "Other Frameworks";
			sourceTree = "<group>";
		};
		CD15121913F5ECBF001AEA49 /* Editor2 */ = {
			isa = PBXGroup;
			children = (
				CDC9F52413F6EFC1001E6017 /* NSString+Markdown.h */,
				CDC9F52513F6EFC1001E6017 /* NSString+Markdown.m */,
				CDC9F51913F6EF64001E6017 /* Markdown_1.0.1 */,
				CDFDFB7213F5F2AD0021EA6A /* NSSplitView+Utilities.h */,
				CDFDFB7313F5F2AD0021EA6A /* NSSplitView+Utilities.m */,
				CDFDFB6E13F5F2870021EA6A /* JBSplitView.h */,
				CDFDFB6F13F5F2870021EA6A /* JBSplitView.m */,
				CD15122513F5ECBF001AEA49 /* JBAppDelegate.h */,
				CD15122613F5ECBF001AEA49 /* JBAppDelegate.m */,
				CD15122813F5ECBF001AEA49 /* MainMenu.xib */,
				CDA8D16113F7638B0007C2BF /* JBArticle.h */,
				CDA8D16213F7638B0007C2BF /* JBArticle.m */,
				CD15121A13F5ECBF001AEA49 /* Supporting Files */,
				CD15123613F5ED2F001AEA49 /* JBMainWindowController.h */,
				CD15123713F5ED2F001AEA49 /* JBMainWindowController.m */,
				CD15123913F5ED47001AEA49 /* JBMainWindow.xib */,
				CD9A017E13F5EFC100D59C00 /* JBArticleTableViewController.h */,
				CD9A017F13F5EFC100D59C00 /* JBArticleTableViewController.m */,
				CD9A018013F5EFC100D59C00 /* JBArticleTableViewController.xib */,
				CD8B139C13F5F64000FDD49A /* JBMainArticleViewController.h */,
				CD8B139D13F5F64000FDD49A /* JBMainArticleViewController.m */,
				CD8B139E13F5F64000FDD49A /* JBMainArticleViewController.xib */,
				CDAE4AFC13F8B9A700369443 /* JBWordCountValueTransformer.h */,
				CDAE4AFD13F8B9A700369443 /* JBWordCountValueTransformer.m */,
				CDE0F0D313F9A01A004B2E18 /* JBTableCellView.h */,
				CDE0F0D413F9A01A004B2E18 /* JBTableCellView.m */,
				CDE0F0D713F9A654004B2E18 /* JBDateValueTransformer.h */,
				CDE0F0D813F9A654004B2E18 /* JBDateValueTransformer.m */,
				CD511B1513F9CEAA000B24E2 /* JBPreferencesWindowController.h */,
				CD511B1613F9CEAA000B24E2 /* JBPreferencesWindowController.m */,
				CD511B1913F9CEC3000B24E2 /* JBPreferencesWindow.xib */,
			);
			path = Editor2;
			sourceTree = "<group>";
		};
		CD15121A13F5ECBF001AEA49 /* Supporting Files */ = {
			isa = PBXGroup;
			children = (
				CD15123413F5ECED001AEA49 /* Editor Icon.icns */,
				CD15121B13F5ECBF001AEA49 /* Editor2-Info.plist */,
				CD15121C13F5ECBF001AEA49 /* InfoPlist.strings */,
				CD15121F13F5ECBF001AEA49 /* main.m */,
				CD15122113F5ECBF001AEA49 /* Editor2-Prefix.pch */,
				CD15122213F5ECBF001AEA49 /* Credits.rtf */,
			);
			name = "Supporting Files";
			sourceTree = "<group>";
		};
		CDC9F51913F6EF64001E6017 /* Markdown_1.0.1 */ = {
			isa = PBXGroup;
			children = (
				CDC9F51A13F6EF64001E6017 /* License.text */,
				CDC9F51B13F6EF64001E6017 /* Markdown Readme.text */,
				CDC9F51C13F6EF64001E6017 /* Markdown.pl */,
			);
			path = Markdown_1.0.1;
			sourceTree = "<group>";
		};
/* End PBXGroup section */

/* Begin PBXNativeTarget section */
		CD15120E13F5ECBF001AEA49 /* Editor2 */ = {
			isa = PBXNativeTarget;
			buildConfigurationList = CD15122D13F5ECBF001AEA49 /* Build configuration list for PBXNativeTarget "Editor2" */;
			buildPhases = (
				CD15120B13F5ECBF001AEA49 /* Sources */,
				CD15120C13F5ECBF001AEA49 /* Frameworks */,
				CD15120D13F5ECBF001AEA49 /* Resources */,
			);
			buildRules = (
			);
			dependencies = (
			);
			name = Editor2;
			productName = Editor2;
			productReference = CD15120F13F5ECBF001AEA49 /* Editor2.app */;
			productType = "com.apple.product-type.application";
		};
/* End PBXNativeTarget section */

/* Begin PBXProject section */
		CD15120613F5ECBF001AEA49 /* Project object */ = {
			isa = PBXProject;
			attributes = {
				LastUpgradeCheck = 0430;
				ORGANIZATIONNAME = "Jason Brennan";
			};
			buildConfigurationList = CD15120913F5ECBF001AEA49 /* Build configuration list for PBXProject "Editor2" */;
			compatibilityVersion = "Xcode 3.2";
			developmentRegion = English;
			hasScannedForEncodings = 0;
			knownRegions = (
				en,
			);
			mainGroup = CD15120413F5ECBF001AEA49;
			productRefGroup = CD15121013F5ECBF001AEA49 /* Products */;
			projectDirPath = "";
			projectRoot = "";
			targets = (
				CD15120E13F5ECBF001AEA49 /* Editor2 */,
			);
		};
/* End PBXProject section */

/* Begin PBXResourcesBuildPhase section */
		CD15120D13F5ECBF001AEA49 /* Resources */ = {
			isa = PBXResourcesBuildPhase;
			buildActionMask = 2147483647;
			files = (
				CD15121E13F5ECBF001AEA49 /* InfoPlist.strings in Resources */,
				CD15122413F5ECBF001AEA49 /* Credits.rtf in Resources */,
				CD15122A13F5ECBF001AEA49 /* MainMenu.xib in Resources */,
				CD15123513F5ECED001AEA49 /* Editor Icon.icns in Resources */,
				CD15123A13F5ED47001AEA49 /* JBMainWindow.xib in Resources */,
				CD9A018213F5EFC100D59C00 /* JBArticleTableViewController.xib in Resources */,
				CD8B13A013F5F64000FDD49A /* JBMainArticleViewController.xib in Resources */,
				CDC9F51D13F6EF64001E6017 /* License.text in Resources */,
				CDC9F51E13F6EF64001E6017 /* Markdown Readme.text in Resources */,
				CDC9F51F13F6EF64001E6017 /* Markdown.pl in Resources */,
				CD511B1A13F9CEC3000B24E2 /* JBPreferencesWindow.xib in Resources */,
			);
			runOnlyForDeploymentPostprocessing = 0;
		};
/* End PBXResourcesBuildPhase section */

/* Begin PBXSourcesBuildPhase section */
		CD15120B13F5ECBF001AEA49 /* Sources */ = {
			isa = PBXSourcesBuildPhase;
			buildActionMask = 2147483647;
			files = (
				CD15122013F5ECBF001AEA49 /* main.m in Sources */,
				CD15122713F5ECBF001AEA49 /* JBAppDelegate.m in Sources */,
				CD15123813F5ED2F001AEA49 /* JBMainWindowController.m in Sources */,
				CD9A018113F5EFC100D59C00 /* JBArticleTableViewController.m in Sources */,
				CDFDFB7013F5F2870021EA6A /* JBSplitView.m in Sources */,
				CDFDFB7413F5F2AD0021EA6A /* NSSplitView+Utilities.m in Sources */,
				CD8B139F13F5F64000FDD49A /* JBMainArticleViewController.m in Sources */,
				CDC9F52613F6EFC1001E6017 /* NSString+Markdown.m in Sources */,
				CDA8D16313F7638B0007C2BF /* JBArticle.m in Sources */,
				CDAE4AFE13F8B9A700369443 /* JBWordCountValueTransformer.m in Sources */,
				CDE0F0D513F9A01A004B2E18 /* JBTableCellView.m in Sources */,
				CDE0F0D913F9A654004B2E18 /* JBDateValueTransformer.m in Sources */,
				CD511B1713F9CEAA000B24E2 /* JBPreferencesWindowController.m in Sources */,
			);
			runOnlyForDeploymentPostprocessing = 0;
		};
/* End PBXSourcesBuildPhase section */

/* Begin PBXVariantGroup section */
		CD15121C13F5ECBF001AEA49 /* InfoPlist.strings */ = {
			isa = PBXVariantGroup;
			children = (
				CD15121D13F5ECBF001AEA49 /* en */,
			);
			name = InfoPlist.strings;
			sourceTree = "<group>";
		};
		CD15122213F5ECBF001AEA49 /* Credits.rtf */ = {
			isa = PBXVariantGroup;
			children = (
				CD15122313F5ECBF001AEA49 /* en */,
			);
			name = Credits.rtf;
			sourceTree = "<group>";
		};
		CD15122813F5ECBF001AEA49 /* MainMenu.xib */ = {
			isa = PBXVariantGroup;
			children = (
				CD15122913F5ECBF001AEA49 /* en */,
			);
			name = MainMenu.xib;
			sourceTree = "<group>";
		};
/* End PBXVariantGroup section */

/* Begin XCBuildConfiguration section */
		CD15122B13F5ECBF001AEA49 /* Debug */ = {
			isa = XCBuildConfiguration;
			buildSettings = {
				ALWAYS_SEARCH_USER_PATHS = NO;
				ARCHS = "$(ARCHS_STANDARD_64_BIT)";
				CLANG_ENABLE_OBJC_ARC = YES;
				COPY_PHASE_STRIP = NO;
				GCC_C_LANGUAGE_STANDARD = gnu99;
				GCC_DYNAMIC_NO_PIC = NO;
				GCC_ENABLE_OBJC_EXCEPTIONS = YES;
				GCC_OPTIMIZATION_LEVEL = 0;
				GCC_PREPROCESSOR_DEFINITIONS = (
					"DEBUG=1",
					"$(inherited)",
				);
				GCC_SYMBOLS_PRIVATE_EXTERN = NO;
				GCC_VERSION = com.apple.compilers.llvm.clang.1_0;
				GCC_WARN_64_TO_32_BIT_CONVERSION = YES;
				GCC_WARN_ABOUT_MISSING_PROTOTYPES = YES;
				GCC_WARN_ABOUT_RETURN_TYPE = YES;
				GCC_WARN_UNUSED_VARIABLE = YES;
				MACOSX_DEPLOYMENT_TARGET = 10.7;
				ONLY_ACTIVE_ARCH = YES;
				SDKROOT = macosx;
			};
			name = Debug;
		};
		CD15122C13F5ECBF001AEA49 /* Release */ = {
			isa = XCBuildConfiguration;
			buildSettings = {
				ALWAYS_SEARCH_USER_PATHS = NO;
				ARCHS = "$(ARCHS_STANDARD_64_BIT)";
				CLANG_ENABLE_OBJC_ARC = YES;
				COPY_PHASE_STRIP = YES;
				DEBUG_INFORMATION_FORMAT = "dwarf-with-dsym";
				GCC_C_LANGUAGE_STANDARD = gnu99;
				GCC_ENABLE_OBJC_EXCEPTIONS = YES;
				GCC_VERSION = com.apple.compilers.llvm.clang.1_0;
				GCC_WARN_64_TO_32_BIT_CONVERSION = YES;
				GCC_WARN_ABOUT_MISSING_PROTOTYPES = YES;
				GCC_WARN_ABOUT_RETURN_TYPE = YES;
				GCC_WARN_UNUSED_VARIABLE = YES;
				MACOSX_DEPLOYMENT_TARGET = 10.7;
				SDKROOT = macosx;
			};
			name = Release;
		};
		CD15122E13F5ECBF001AEA49 /* Debug */ = {
			isa = XCBuildConfiguration;
			buildSettings = {
				GCC_PRECOMPILE_PREFIX_HEADER = YES;
				GCC_PREFIX_HEADER = "Editor2/Editor2-Prefix.pch";
				INFOPLIST_FILE = "Editor2/Editor2-Info.plist";
				PRODUCT_NAME = "$(TARGET_NAME)";
				WRAPPER_EXTENSION = app;
			};
			name = Debug;
		};
		CD15122F13F5ECBF001AEA49 /* Release */ = {
			isa = XCBuildConfiguration;
			buildSettings = {
				GCC_PRECOMPILE_PREFIX_HEADER = YES;
				GCC_PREFIX_HEADER = "Editor2/Editor2-Prefix.pch";
				INFOPLIST_FILE = "Editor2/Editor2-Info.plist";
				PRODUCT_NAME = "$(TARGET_NAME)";
				WRAPPER_EXTENSION = app;
			};
			name = Release;
		};
/* End XCBuildConfiguration section */

/* Begin XCConfigurationList section */
		CD15120913F5ECBF001AEA49 /* Build configuration list for PBXProject "Editor2" */ = {
			isa = XCConfigurationList;
			buildConfigurations = (
				CD15122B13F5ECBF001AEA49 /* Debug */,
				CD15122C13F5ECBF001AEA49 /* Release */,
			);
			defaultConfigurationIsVisible = 0;
			defaultConfigurationName = Release;
		};
		CD15122D13F5ECBF001AEA49 /* Build configuration list for PBXNativeTarget "Editor2" */ = {
			isa = XCConfigurationList;
			buildConfigurations = (
				CD15122E13F5ECBF001AEA49 /* Debug */,
				CD15122F13F5ECBF001AEA49 /* Release */,
			);
			defaultConfigurationIsVisible = 0;
			defaultConfigurationName = Release;
		};
/* End XCConfigurationList section */
	};
	rootObject = CD15120613F5ECBF001AEA49 /* Project object */;
}
